// !$*UTF8*$!
{
	archiveVersion = 1;
	classes = {
	};
	objectVersion = 46;
	objects = {

/* Begin PBXBuildFile section */
		6545E8AC1A30C13400925EE0 /* apu.cpp in Sources */ = {isa = PBXBuildFile; fileRef = 6555147E1A30BCAF007CAAD4 /* apu.cpp */; };
		6555148B1A30BCAF007CAAD4 /* apu_squarewave_channel.cpp in Sources */ = {isa = PBXBuildFile; fileRef = 655514811A30BCAF007CAAD4 /* apu_squarewave_channel.cpp */; };
		6555148D1A30BCAF007CAAD4 /* sound.cpp in Sources */ = {isa = PBXBuildFile; fileRef = 655514871A30BCAF007CAAD4 /* sound.cpp */; };
		6557F5191A2DC44600F870DA /* DonkeyKongLand.gb in CopyFiles */ = {isa = PBXBuildFile; fileRef = 6557F5101A2DC20600F870DA /* DonkeyKongLand.gb */; };
		6557F51A1A2DC44600F870DA /* LegendOfZelda.gb in CopyFiles */ = {isa = PBXBuildFile; fileRef = 6557F5111A2DC20600F870DA /* LegendOfZelda.gb */; };
		6557F51B1A2DC44600F870DA /* SuperMarioLand.gb in CopyFiles */ = {isa = PBXBuildFile; fileRef = 6557F5121A2DC20600F870DA /* SuperMarioLand.gb */; };
		6557F51C1A2DC44600F870DA /* tetris11.gb in CopyFiles */ = {isa = PBXBuildFile; fileRef = 6557F5131A2DC20600F870DA /* tetris11.gb */; };
		6557F51F1A2DC77400F870DA /* timewarp.cpp in Sources */ = {isa = PBXBuildFile; fileRef = 6557F51D1A2DC77400F870DA /* timewarp.cpp */; };
		659133961A30BFEE0085193B /* mbc1.cpp in Sources */ = {isa = PBXBuildFile; fileRef = 659133901A30BFEE0085193B /* mbc1.cpp */; };
		659133971A30BFEE0085193B /* mbcrom.cpp in Sources */ = {isa = PBXBuildFile; fileRef = 659133921A30BFEE0085193B /* mbcrom.cpp */; };
		659133981A30BFEE0085193B /* mmu.cpp in Sources */ = {isa = PBXBuildFile; fileRef = 659133941A30BFEE0085193B /* mmu.cpp */; };
		6591339D1A30C0010085193B /* sdl_io_provider.cpp in Sources */ = {isa = PBXBuildFile; fileRef = 6591339B1A30C0010085193B /* sdl_io_provider.cpp */; };
		659133A51A30C0150085193B /* osx.cpp in Sources */ = {isa = PBXBuildFile; fileRef = 659133A11A30C0150085193B /* osx.cpp */; };
		659133A61A30C0150085193B /* ResourcePath.mm in Sources */ = {isa = PBXBuildFile; fileRef = 659133A41A30C0150085193B /* ResourcePath.mm */; };
		659133AE1A30C0290085193B /* cpu.cpp in Sources */ = {isa = PBXBuildFile; fileRef = 659133A81A30C0290085193B /* cpu.cpp */; };
		65DC608B1A2DB51900D7415F /* main.cpp in Sources */ = {isa = PBXBuildFile; fileRef = 65DC608A1A2DB51900D7415F /* main.cpp */; };
		65DC60981A2DB56200D7415F /* SDL2.framework in Frameworks */ = {isa = PBXBuildFile; fileRef = 65DC60971A2DB56200D7415F /* SDL2.framework */; };
		65DC60B91A2DB64D00D7415F /* gpu.cpp in Sources */ = {isa = PBXBuildFile; fileRef = 65DC60A71A2DB64D00D7415F /* gpu.cpp */; };
		65DC60BB1A2DB64D00D7415F /* buttons.cpp in Sources */ = {isa = PBXBuildFile; fileRef = 65DC60AC1A2DB64D00D7415F /* buttons.cpp */; };
		65DC60BC1A2DB64D00D7415F /* debug.cpp in Sources */ = {isa = PBXBuildFile; fileRef = 65DC60AE1A2DB64D00D7415F /* debug.cpp */; };
		65DC60BD1A2DB64D00D7415F /* timer.cpp in Sources */ = {isa = PBXBuildFile; fileRef = 65DC60B51A2DB64D00D7415F /* timer.cpp */; };
		65E7636C1A31BC610015EECF /* apu_noise_channel.cpp in Sources */ = {isa = PBXBuildFile; fileRef = 65E7636A1A31BC610015EECF /* apu_noise_channel.cpp */; };
/* End PBXBuildFile section */

/* Begin PBXCopyFilesBuildPhase section */
		6557F5181A2DC43400F870DA /* CopyFiles */ = {
			isa = PBXCopyFilesBuildPhase;
			buildActionMask = 2147483647;
			dstPath = "";
			dstSubfolderSpec = 16;
			files = (
				6557F5191A2DC44600F870DA /* DonkeyKongLand.gb in CopyFiles */,
				6557F51A1A2DC44600F870DA /* LegendOfZelda.gb in CopyFiles */,
				6557F51B1A2DC44600F870DA /* SuperMarioLand.gb in CopyFiles */,
				6557F51C1A2DC44600F870DA /* tetris11.gb in CopyFiles */,
			);
			runOnlyForDeploymentPostprocessing = 0;
		};
		65DC60851A2DB51900D7415F /* CopyFiles */ = {
			isa = PBXCopyFilesBuildPhase;
			buildActionMask = 2147483647;
			dstPath = /usr/share/man/man1;
			dstSubfolderSpec = 0;
			files = (
			);
			runOnlyForDeploymentPostprocessing = 1;
		};
/* End PBXCopyFilesBuildPhase section */

/* Begin PBXFileReference section */
		6555147E1A30BCAF007CAAD4 /* apu.cpp */ = {isa = PBXFileReference; fileEncoding = 4; lastKnownFileType = sourcecode.cpp.cpp; path = apu.cpp; sourceTree = "<group>"; };
		6555147F1A30BCAF007CAAD4 /* apu.h */ = {isa = PBXFileReference; fileEncoding = 4; lastKnownFileType = sourcecode.c.h; path = apu.h; sourceTree = "<group>"; };
		655514801A30BCAF007CAAD4 /* apu_channel.h */ = {isa = PBXFileReference; fileEncoding = 4; lastKnownFileType = sourcecode.c.h; path = apu_channel.h; sourceTree = "<group>"; };
		655514811A30BCAF007CAAD4 /* apu_squarewave_channel.cpp */ = {isa = PBXFileReference; fileEncoding = 4; lastKnownFileType = sourcecode.cpp.cpp; path = apu_squarewave_channel.cpp; sourceTree = "<group>"; };
		655514821A30BCAF007CAAD4 /* apu_squarewave_channel.h */ = {isa = PBXFileReference; fileEncoding = 4; lastKnownFileType = sourcecode.c.h; path = apu_squarewave_channel.h; sourceTree = "<group>"; };
		655514861A30BCAF007CAAD4 /* signal_generator.h */ = {isa = PBXFileReference; fileEncoding = 4; lastKnownFileType = sourcecode.c.h; path = signal_generator.h; sourceTree = "<group>"; };
		655514871A30BCAF007CAAD4 /* sound.cpp */ = {isa = PBXFileReference; fileEncoding = 4; lastKnownFileType = sourcecode.cpp.cpp; path = sound.cpp; sourceTree = "<group>"; };
		655514881A30BCAF007CAAD4 /* sound.h */ = {isa = PBXFileReference; fileEncoding = 4; lastKnownFileType = sourcecode.c.h; path = sound.h; sourceTree = "<group>"; };
		655514891A30BCAF007CAAD4 /* squarewave_generator.h */ = {isa = PBXFileReference; fileEncoding = 4; lastKnownFileType = sourcecode.c.h; path = squarewave_generator.h; sourceTree = "<group>"; };
		6557F5101A2DC20600F870DA /* DonkeyKongLand.gb */ = {isa = PBXFileReference; lastKnownFileType = file; path = DonkeyKongLand.gb; sourceTree = "<group>"; };
		6557F5111A2DC20600F870DA /* LegendOfZelda.gb */ = {isa = PBXFileReference; lastKnownFileType = file; path = LegendOfZelda.gb; sourceTree = "<group>"; };
		6557F5121A2DC20600F870DA /* SuperMarioLand.gb */ = {isa = PBXFileReference; lastKnownFileType = file; path = SuperMarioLand.gb; sourceTree = "<group>"; };
		6557F5131A2DC20600F870DA /* tetris11.gb */ = {isa = PBXFileReference; lastKnownFileType = file; path = tetris11.gb; sourceTree = "<group>"; };
		6557F51D1A2DC77400F870DA /* timewarp.cpp */ = {isa = PBXFileReference; fileEncoding = 4; lastKnownFileType = sourcecode.cpp.cpp; path = timewarp.cpp; sourceTree = "<group>"; };
		6557F51E1A2DC77400F870DA /* timewarp.h */ = {isa = PBXFileReference; fileEncoding = 4; lastKnownFileType = sourcecode.c.h; path = timewarp.h; sourceTree = "<group>"; };
		6557F5221A2DCFC000F870DA /* rom_bios.h */ = {isa = PBXFileReference; lastKnownFileType = sourcecode.c.h; path = rom_bios.h; sourceTree = "<group>"; };
		6591338F1A30BFEE0085193B /* mbc.h */ = {isa = PBXFileReference; fileEncoding = 4; lastKnownFileType = sourcecode.c.h; path = mbc.h; sourceTree = "<group>"; };
		659133901A30BFEE0085193B /* mbc1.cpp */ = {isa = PBXFileReference; fileEncoding = 4; lastKnownFileType = sourcecode.cpp.cpp; path = mbc1.cpp; sourceTree = "<group>"; };
		659133911A30BFEE0085193B /* mbc1.h */ = {isa = PBXFileReference; fileEncoding = 4; lastKnownFileType = sourcecode.c.h; path = mbc1.h; sourceTree = "<group>"; };
		659133921A30BFEE0085193B /* mbcrom.cpp */ = {isa = PBXFileReference; fileEncoding = 4; lastKnownFileType = sourcecode.cpp.cpp; path = mbcrom.cpp; sourceTree = "<group>"; };
		659133931A30BFEE0085193B /* mbcrom.h */ = {isa = PBXFileReference; fileEncoding = 4; lastKnownFileType = sourcecode.c.h; path = mbcrom.h; sourceTree = "<group>"; };
		659133941A30BFEE0085193B /* mmu.cpp */ = {isa = PBXFileReference; fileEncoding = 4; lastKnownFileType = sourcecode.cpp.cpp; path = mmu.cpp; sourceTree = "<group>"; };
		659133951A30BFEE0085193B /* mmu.h */ = {isa = PBXFileReference; fileEncoding = 4; lastKnownFileType = sourcecode.c.h; path = mmu.h; sourceTree = "<group>"; };
		6591339A1A30C0010085193B /* io_provider.h */ = {isa = PBXFileReference; fileEncoding = 4; lastKnownFileType = sourcecode.c.h; path = io_provider.h; sourceTree = "<group>"; };
		6591339B1A30C0010085193B /* sdl_io_provider.cpp */ = {isa = PBXFileReference; fileEncoding = 4; lastKnownFileType = sourcecode.cpp.cpp; path = sdl_io_provider.cpp; sourceTree = "<group>"; };
		6591339C1A30C0010085193B /* sdl_io_provider.h */ = {isa = PBXFileReference; fileEncoding = 4; lastKnownFileType = sourcecode.c.h; path = sdl_io_provider.h; sourceTree = "<group>"; };
		6591339F1A30C0150085193B /* os.h */ = {isa = PBXFileReference; fileEncoding = 4; lastKnownFileType = sourcecode.c.h; path = os.h; sourceTree = "<group>"; };
		659133A11A30C0150085193B /* osx.cpp */ = {isa = PBXFileReference; fileEncoding = 4; lastKnownFileType = sourcecode.cpp.cpp; path = osx.cpp; sourceTree = "<group>"; };
		659133A21A30C0150085193B /* osx.h */ = {isa = PBXFileReference; fileEncoding = 4; lastKnownFileType = sourcecode.c.h; path = osx.h; sourceTree = "<group>"; };
		659133A31A30C0150085193B /* ResourcePath.hpp */ = {isa = PBXFileReference; fileEncoding = 4; lastKnownFileType = sourcecode.cpp.h; path = ResourcePath.hpp; sourceTree = "<group>"; };
		659133A41A30C0150085193B /* ResourcePath.mm */ = {isa = PBXFileReference; fileEncoding = 4; lastKnownFileType = sourcecode.cpp.objcpp; path = ResourcePath.mm; sourceTree = "<group>"; };
		659133A81A30C0290085193B /* cpu.cpp */ = {isa = PBXFileReference; fileEncoding = 4; lastKnownFileType = sourcecode.cpp.cpp; path = cpu.cpp; sourceTree = "<group>"; };
		659133A91A30C0290085193B /* cpu.h */ = {isa = PBXFileReference; fileEncoding = 4; lastKnownFileType = sourcecode.c.h; path = cpu.h; sourceTree = "<group>"; };
		659133AA1A30C0290085193B /* cpu_inline.h */ = {isa = PBXFileReference; fileEncoding = 4; lastKnownFileType = sourcecode.c.h; path = cpu_inline.h; sourceTree = "<group>"; };
		659133AB1A30C0290085193B /* cpu_mapping.h */ = {isa = PBXFileReference; fileEncoding = 4; lastKnownFileType = sourcecode.c.h; path = cpu_mapping.h; sourceTree = "<group>"; };
		659133AC1A30C0290085193B /* cpu_ops.h */ = {isa = PBXFileReference; fileEncoding = 4; lastKnownFileType = sourcecode.c.h; path = cpu_ops.h; sourceTree = "<group>"; };
		659133AD1A30C0290085193B /* cpu_timing.h */ = {isa = PBXFileReference; fileEncoding = 4; lastKnownFileType = sourcecode.c.h; path = cpu_timing.h; sourceTree = "<group>"; };
		65DC60871A2DB51900D7415F /* KarouGB */ = {isa = PBXFileReference; explicitFileType = "compiled.mach-o.executable"; includeInIndex = 0; path = KarouGB; sourceTree = BUILT_PRODUCTS_DIR; };
		65DC608A1A2DB51900D7415F /* main.cpp */ = {isa = PBXFileReference; lastKnownFileType = sourcecode.cpp.cpp; path = main.cpp; sourceTree = "<group>"; };
		65DC60971A2DB56200D7415F /* SDL2.framework */ = {isa = PBXFileReference; lastKnownFileType = wrapper.framework; name = SDL2.framework; path = ../../../../../Library/Frameworks/SDL2.framework; sourceTree = "<group>"; };
		65DC60A41A2DB64D00D7415F /* types.h */ = {isa = PBXFileReference; fileEncoding = 4; lastKnownFileType = sourcecode.c.h; path = types.h; sourceTree = "<group>"; };
		65DC60A71A2DB64D00D7415F /* gpu.cpp */ = {isa = PBXFileReference; fileEncoding = 4; lastKnownFileType = sourcecode.cpp.cpp; path = gpu.cpp; sourceTree = "<group>"; };
		65DC60A81A2DB64D00D7415F /* gpu.h */ = {isa = PBXFileReference; fileEncoding = 4; lastKnownFileType = sourcecode.c.h; path = gpu.h; sourceTree = "<group>"; };
		65DC60AC1A2DB64D00D7415F /* buttons.cpp */ = {isa = PBXFileReference; fileEncoding = 4; lastKnownFileType = sourcecode.cpp.cpp; path = buttons.cpp; sourceTree = "<group>"; };
		65DC60AD1A2DB64D00D7415F /* buttons.h */ = {isa = PBXFileReference; fileEncoding = 4; lastKnownFileType = sourcecode.c.h; path = buttons.h; sourceTree = "<group>"; };
		65DC60AE1A2DB64D00D7415F /* debug.cpp */ = {isa = PBXFileReference; fileEncoding = 4; lastKnownFileType = sourcecode.cpp.cpp; path = debug.cpp; sourceTree = "<group>"; };
		65DC60AF1A2DB64D00D7415F /* debug.h */ = {isa = PBXFileReference; fileEncoding = 4; lastKnownFileType = sourcecode.c.h; path = debug.h; sourceTree = "<group>"; };
		65DC60B01A2DB64D00D7415F /* debug_translation.h */ = {isa = PBXFileReference; fileEncoding = 4; lastKnownFileType = sourcecode.c.h; path = debug_translation.h; sourceTree = "<group>"; };
		65DC60B51A2DB64D00D7415F /* timer.cpp */ = {isa = PBXFileReference; fileEncoding = 4; lastKnownFileType = sourcecode.cpp.cpp; path = timer.cpp; sourceTree = "<group>"; };
		65DC60B61A2DB64D00D7415F /* timer.h */ = {isa = PBXFileReference; fileEncoding = 4; lastKnownFileType = sourcecode.c.h; path = timer.h; sourceTree = "<group>"; };
		65E763691A31B4890015EECF /* noise_generator.h */ = {isa = PBXFileReference; fileEncoding = 4; lastKnownFileType = sourcecode.c.h; path = noise_generator.h; sourceTree = "<group>"; };
		65E7636A1A31BC610015EECF /* apu_noise_channel.cpp */ = {isa = PBXFileReference; fileEncoding = 4; lastKnownFileType = sourcecode.cpp.cpp; path = apu_noise_channel.cpp; sourceTree = "<group>"; };
		65E7636B1A31BC610015EECF /* apu_noise_channel.h */ = {isa = PBXFileReference; fileEncoding = 4; lastKnownFileType = sourcecode.c.h; path = apu_noise_channel.h; sourceTree = "<group>"; };
		65F7C38D1A308D6000F495CC /* apu.cpp */ = {isa = PBXFileReference; fileEncoding = 4; lastKnownFileType = sourcecode.cpp.cpp; name = apu.cpp; path = sound/apu.cpp; sourceTree = "<group>"; };
/* End PBXFileReference section */

/* Begin PBXFrameworksBuildPhase section */
		65DC60841A2DB51900D7415F /* Frameworks */ = {
			isa = PBXFrameworksBuildPhase;
			buildActionMask = 2147483647;
			files = (
				65DC60981A2DB56200D7415F /* SDL2.framework in Frameworks */,
			);
			runOnlyForDeploymentPostprocessing = 0;
		};
/* End PBXFrameworksBuildPhase section */

/* Begin PBXGroup section */
		6555147D1A30BCAF007CAAD4 /* sound */ = {
			isa = PBXGroup;
			children = (
				65E7636A1A31BC610015EECF /* apu_noise_channel.cpp */,
				65E7636B1A31BC610015EECF /* apu_noise_channel.h */,
				6555147E1A30BCAF007CAAD4 /* apu.cpp */,
				6555147F1A30BCAF007CAAD4 /* apu.h */,
				655514801A30BCAF007CAAD4 /* apu_channel.h */,
				655514811A30BCAF007CAAD4 /* apu_squarewave_channel.cpp */,
				655514821A30BCAF007CAAD4 /* apu_squarewave_channel.h */,
				655514831A30BCAF007CAAD4 /* raw */,
			);
			path = sound;
			sourceTree = "<group>";
		};
		655514831A30BCAF007CAAD4 /* raw */ = {
			isa = PBXGroup;
			children = (
				65E763691A31B4890015EECF /* noise_generator.h */,
				655514861A30BCAF007CAAD4 /* signal_generator.h */,
				655514871A30BCAF007CAAD4 /* sound.cpp */,
				655514881A30BCAF007CAAD4 /* sound.h */,
				655514891A30BCAF007CAAD4 /* squarewave_generator.h */,
			);
			name = raw;
			path = ../sound/raw;
			sourceTree = "<group>";
		};
		6557F50F1A2DC1F800F870DA /* resources */ = {
			isa = PBXGroup;
			children = (
				6557F5101A2DC20600F870DA /* DonkeyKongLand.gb */,
				6557F5111A2DC20600F870DA /* LegendOfZelda.gb */,
				6557F5121A2DC20600F870DA /* SuperMarioLand.gb */,
				6557F5131A2DC20600F870DA /* tetris11.gb */,
			);
			path = resources;
			sourceTree = "<group>";
		};
		6591338E1A30BFEE0085193B /* memory */ = {
			isa = PBXGroup;
			children = (
				6591338F1A30BFEE0085193B /* mbc.h */,
				659133901A30BFEE0085193B /* mbc1.cpp */,
				659133911A30BFEE0085193B /* mbc1.h */,
				659133921A30BFEE0085193B /* mbcrom.cpp */,
				659133931A30BFEE0085193B /* mbcrom.h */,
				659133941A30BFEE0085193B /* mmu.cpp */,
				659133951A30BFEE0085193B /* mmu.h */,
			);
			path = memory;
			sourceTree = "<group>";
		};
		659133991A30C0010085193B /* io */ = {
			isa = PBXGroup;
			children = (
				6591339A1A30C0010085193B /* io_provider.h */,
				6591339B1A30C0010085193B /* sdl_io_provider.cpp */,
				6591339C1A30C0010085193B /* sdl_io_provider.h */,
			);
			path = io;
			sourceTree = "<group>";
		};
		6591339E1A30C0150085193B /* os */ = {
			isa = PBXGroup;
			children = (
				6591339F1A30C0150085193B /* os.h */,
				659133A01A30C0150085193B /* osx */,
			);
			path = os;
			sourceTree = "<group>";
		};
		659133A01A30C0150085193B /* osx */ = {
			isa = PBXGroup;
			children = (
				659133A11A30C0150085193B /* osx.cpp */,
				659133A21A30C0150085193B /* osx.h */,
				659133A31A30C0150085193B /* ResourcePath.hpp */,
				659133A41A30C0150085193B /* ResourcePath.mm */,
			);
			path = osx;
			sourceTree = "<group>";
		};
		659133A71A30C0290085193B /* cpu */ = {
			isa = PBXGroup;
			children = (
				659133A81A30C0290085193B /* cpu.cpp */,
				659133A91A30C0290085193B /* cpu.h */,
				659133AA1A30C0290085193B /* cpu_inline.h */,
				659133AB1A30C0290085193B /* cpu_mapping.h */,
				659133AC1A30C0290085193B /* cpu_ops.h */,
				659133AD1A30C0290085193B /* cpu_timing.h */,
			);
			path = cpu;
			sourceTree = "<group>";
		};
		65DC607E1A2DB51900D7415F = {
			isa = PBXGroup;
			children = (
				65DC60971A2DB56200D7415F /* SDL2.framework */,
				65DC60891A2DB51900D7415F /* KarouGB */,
				65DC60881A2DB51900D7415F /* Products */,
			);
			sourceTree = "<group>";
		};
		65DC60881A2DB51900D7415F /* Products */ = {
			isa = PBXGroup;
			children = (
				65DC60871A2DB51900D7415F /* KarouGB */,
			);
			name = Products;
			sourceTree = "<group>";
		};
		65DC60891A2DB51900D7415F /* KarouGB */ = {
			isa = PBXGroup;
			children = (
				659133A71A30C0290085193B /* cpu */,
				6591339E1A30C0150085193B /* os */,
				659133991A30C0010085193B /* io */,
				6591338E1A30BFEE0085193B /* memory */,
				6555147D1A30BCAF007CAAD4 /* sound */,
				6557F50F1A2DC1F800F870DA /* resources */,
				65DC608A1A2DB51900D7415F /* main.cpp */,
				65DC60A41A2DB64D00D7415F /* types.h */,
				65F7C38D1A308D6000F495CC /* apu.cpp */,
				65DC60A71A2DB64D00D7415F /* gpu.cpp */,
				65DC60A81A2DB64D00D7415F /* gpu.h */,
				65DC60AC1A2DB64D00D7415F /* buttons.cpp */,
				65DC60AD1A2DB64D00D7415F /* buttons.h */,
				65DC60AE1A2DB64D00D7415F /* debug.cpp */,
				65DC60AF1A2DB64D00D7415F /* debug.h */,
				65DC60B01A2DB64D00D7415F /* debug_translation.h */,
				65DC60B51A2DB64D00D7415F /* timer.cpp */,
				65DC60B61A2DB64D00D7415F /* timer.h */,
				6557F51D1A2DC77400F870DA /* timewarp.cpp */,
				6557F51E1A2DC77400F870DA /* timewarp.h */,
				6557F5221A2DCFC000F870DA /* rom_bios.h */,
			);
			path = KarouGB;
			sourceTree = "<group>";
		};
/* End PBXGroup section */

/* Begin PBXNativeTarget section */
		65DC60861A2DB51900D7415F /* KarouGB */ = {
			isa = PBXNativeTarget;
			buildConfigurationList = 65DC60901A2DB51900D7415F /* Build configuration list for PBXNativeTarget "KarouGB" */;
			buildPhases = (
				65DC60831A2DB51900D7415F /* Sources */,
				65DC60841A2DB51900D7415F /* Frameworks */,
				65DC60851A2DB51900D7415F /* CopyFiles */,
				6557F5181A2DC43400F870DA /* CopyFiles */,
			);
			buildRules = (
			);
			dependencies = (
			);
			name = KarouGB;
			productName = KarouGB;
			productReference = 65DC60871A2DB51900D7415F /* KarouGB */;
			productType = "com.apple.product-type.tool";
		};
/* End PBXNativeTarget section */

/* Begin PBXProject section */
		65DC607F1A2DB51900D7415F /* Project object */ = {
			isa = PBXProject;
			attributes = {
				LastUpgradeCheck = 0510;
				ORGANIZATIONNAME = Daniel;
			};
			buildConfigurationList = 65DC60821A2DB51900D7415F /* Build configuration list for PBXProject "KarouGB" */;
			compatibilityVersion = "Xcode 3.2";
			developmentRegion = English;
			hasScannedForEncodings = 0;
			knownRegions = (
				en,
			);
			mainGroup = 65DC607E1A2DB51900D7415F;
			productRefGroup = 65DC60881A2DB51900D7415F /* Products */;
			projectDirPath = "";
			projectRoot = "";
			targets = (
				65DC60861A2DB51900D7415F /* KarouGB */,
			);
		};
/* End PBXProject section */

/* Begin PBXSourcesBuildPhase section */
		65DC60831A2DB51900D7415F /* Sources */ = {
			isa = PBXSourcesBuildPhase;
			buildActionMask = 2147483647;
			files = (
				659133971A30BFEE0085193B /* mbcrom.cpp in Sources */,
				659133A61A30C0150085193B /* ResourcePath.mm in Sources */,
				659133981A30BFEE0085193B /* mmu.cpp in Sources */,
				659133A51A30C0150085193B /* osx.cpp in Sources */,
				65DC608B1A2DB51900D7415F /* main.cpp in Sources */,
				65DC60BD1A2DB64D00D7415F /* timer.cpp in Sources */,
				6545E8AC1A30C13400925EE0 /* apu.cpp in Sources */,
				6557F51F1A2DC77400F870DA /* timewarp.cpp in Sources */,
				65DC60B91A2DB64D00D7415F /* gpu.cpp in Sources */,
				65DC60BB1A2DB64D00D7415F /* buttons.cpp in Sources */,
				6555148D1A30BCAF007CAAD4 /* sound.cpp in Sources */,
				659133AE1A30C0290085193B /* cpu.cpp in Sources */,
				659133961A30BFEE0085193B /* mbc1.cpp in Sources */,
				65E7636C1A31BC610015EECF /* apu_noise_channel.cpp in Sources */,
				6555148B1A30BCAF007CAAD4 /* apu_squarewave_channel.cpp in Sources */,
				65DC60BC1A2DB64D00D7415F /* debug.cpp in Sources */,
				6591339D1A30C0010085193B /* sdl_io_provider.cpp in Sources */,
			);
			runOnlyForDeploymentPostprocessing = 0;
		};
/* End PBXSourcesBuildPhase section */

/* Begin XCBuildConfiguration section */
		65DC608E1A2DB51900D7415F /* Debug */ = {
			isa = XCBuildConfiguration;
			buildSettings = {
				ALWAYS_SEARCH_USER_PATHS = NO;
				CLANG_CXX_LANGUAGE_STANDARD = "gnu++0x";
				CLANG_CXX_LIBRARY = "libc++";
				CLANG_ENABLE_MODULES = YES;
				CLANG_ENABLE_OBJC_ARC = YES;
				CLANG_WARN_BOOL_CONVERSION = YES;
				CLANG_WARN_CONSTANT_CONVERSION = YES;
				CLANG_WARN_DIRECT_OBJC_ISA_USAGE = YES_ERROR;
				CLANG_WARN_EMPTY_BODY = YES;
				CLANG_WARN_ENUM_CONVERSION = YES;
				CLANG_WARN_INT_CONVERSION = YES;
				CLANG_WARN_OBJC_ROOT_CLASS = YES_ERROR;
				CLANG_WARN__DUPLICATE_METHOD_MATCH = YES;
				COPY_PHASE_STRIP = NO;
				GCC_C_LANGUAGE_STANDARD = gnu99;
				GCC_DYNAMIC_NO_PIC = NO;
				GCC_ENABLE_OBJC_EXCEPTIONS = YES;
				GCC_OPTIMIZATION_LEVEL = 0;
				GCC_PREPROCESSOR_DEFINITIONS = (
					"DEBUG=1",
					"$(inherited)",
				);
				GCC_SYMBOLS_PRIVATE_EXTERN = NO;
				GCC_WARN_64_TO_32_BIT_CONVERSION = YES;
				GCC_WARN_ABOUT_RETURN_TYPE = YES_ERROR;
				GCC_WARN_UNDECLARED_SELECTOR = YES;
				GCC_WARN_UNINITIALIZED_AUTOS = YES_AGGRESSIVE;
				GCC_WARN_UNUSED_FUNCTION = YES;
				GCC_WARN_UNUSED_VARIABLE = YES;
				MACOSX_DEPLOYMENT_TARGET = 10.10;
				ONLY_ACTIVE_ARCH = YES;
				SDKROOT = macosx;
			};
			name = Debug;
		};
		65DC608F1A2DB51900D7415F /* Release */ = {
			isa = XCBuildConfiguration;
			buildSettings = {
				ALWAYS_SEARCH_USER_PATHS = NO;
				CLANG_CXX_LANGUAGE_STANDARD = "gnu++0x";
				CLANG_CXX_LIBRARY = "libc++";
				CLANG_ENABLE_MODULES = YES;
				CLANG_ENABLE_OBJC_ARC = YES;
				CLANG_WARN_BOOL_CONVERSION = YES;
				CLANG_WARN_CONSTANT_CONVERSION = YES;
				CLANG_WARN_DIRECT_OBJC_ISA_USAGE = YES_ERROR;
				CLANG_WARN_EMPTY_BODY = YES;
				CLANG_WARN_ENUM_CONVERSION = YES;
				CLANG_WARN_INT_CONVERSION = YES;
				CLANG_WARN_OBJC_ROOT_CLASS = YES_ERROR;
				CLANG_WARN__DUPLICATE_METHOD_MATCH = YES;
				COPY_PHASE_STRIP = YES;
				DEBUG_INFORMATION_FORMAT = "dwarf-with-dsym";
				ENABLE_NS_ASSERTIONS = NO;
				GCC_C_LANGUAGE_STANDARD = gnu99;
				GCC_ENABLE_OBJC_EXCEPTIONS = YES;
				GCC_WARN_64_TO_32_BIT_CONVERSION = YES;
				GCC_WARN_ABOUT_RETURN_TYPE = YES_ERROR;
				GCC_WARN_UNDECLARED_SELECTOR = YES;
				GCC_WARN_UNINITIALIZED_AUTOS = YES_AGGRESSIVE;
				GCC_WARN_UNUSED_FUNCTION = YES;
				GCC_WARN_UNUSED_VARIABLE = YES;
				MACOSX_DEPLOYMENT_TARGET = 10.10;
				SDKROOT = macosx;
			};
			name = Release;
		};
		65DC60911A2DB51900D7415F /* Debug */ = {
			isa = XCBuildConfiguration;
			buildSettings = {
				FRAMEWORK_SEARCH_PATHS = (
					"$(inherited)",
					"$(LOCAL_LIBRARY_DIR)/Frameworks",
				);
				MACOSX_DEPLOYMENT_TARGET = 10.9;
				PRODUCT_NAME = "$(TARGET_NAME)";
			};
			name = Debug;
		};
		65DC60921A2DB51900D7415F /* Release */ = {
			isa = XCBuildConfiguration;
			buildSettings = {
				FRAMEWORK_SEARCH_PATHS = (
					"$(inherited)",
					"$(LOCAL_LIBRARY_DIR)/Frameworks",
				);
				MACOSX_DEPLOYMENT_TARGET = 10.9;
				PRODUCT_NAME = "$(TARGET_NAME)";
			};
			name = Release;
		};
/* End XCBuildConfiguration section */

/* Begin XCConfigurationList section */
		65DC60821A2DB51900D7415F /* Build configuration list for PBXProject "KarouGB" */ = {
			isa = XCConfigurationList;
			buildConfigurations = (
				65DC608E1A2DB51900D7415F /* Debug */,
				65DC608F1A2DB51900D7415F /* Release */,
			);
			defaultConfigurationIsVisible = 0;
			defaultConfigurationName = Release;
		};
		65DC60901A2DB51900D7415F /* Build configuration list for PBXNativeTarget "KarouGB" */ = {
			isa = XCConfigurationList;
			buildConfigurations = (
				65DC60911A2DB51900D7415F /* Debug */,
				65DC60921A2DB51900D7415F /* Release */,
			);
			defaultConfigurationIsVisible = 0;
			defaultConfigurationName = Release;
		};
/* End XCConfigurationList section */
	};
	rootObject = 65DC607F1A2DB51900D7415F /* Project object */;
}
